
Microsoft Visual Studio Solution File, Format Version 12.00
# Visual Studio Version 17
VisualStudioVersion = 17.8.34330.188
MinimumVisualStudioVersion = 10.0.40219.1
Project("{9A19103F-16F7-4668-BE54-9A1E7A4F7556}") = "Talabat.APIs", "Talabat.APIs\Talabat.APIs.csproj", "{4E9F3BD3-BCA4-4CF6-A769-B297BD5BE6DE}"
EndProject
Project("{9A19103F-16F7-4668-BE54-9A1E7A4F7556}") = "Talabat.Core", "Talabat.Core\Talabat.Core.csproj", "{8F1A8137-A92D-4EF5-89FF-FB3E72C5A3E1}"
EndProject
Project("{9A19103F-16F7-4668-BE54-9A1E7A4F7556}") = "Talabat.Infrastructure", "Talabat.Repository\Talabat.Infrastructure.csproj", "{3A345B94-E32D-4316-A6BC-FACE2E63118B}"
EndProject
Project("{9A19103F-16F7-4668-BE54-9A1E7A4F7556}") = "Talabat.Service", "Talabat.Service\Talabat.Service.csproj", "{FDAF9DA2-A721-4E74-B226-A50D768DAD83}"
EndProject
Global
	GlobalSection(SolutionConfigurationPlatforms) = preSolution
		Debug|Any CPU = Debug|Any CPU
		Release|Any CPU = Release|Any CPU
	EndGlobalSection
	GlobalSection(ProjectConfigurationPlatforms) = postSolution
		{4E9F3BD3-BCA4-4CF6-A769-B297BD5BE6DE}.Debug|Any CPU.ActiveCfg = Debug|Any CPU
		{4E9F3BD3-BCA4-4CF6-A769-B297BD5BE6DE}.Debug|Any CPU.Build.0 = Debug|Any CPU
		{4E9F3BD3-BCA4-4CF6-A769-B297BD5BE6DE}.Release|Any CPU.ActiveCfg = Release|Any CPU
		{4E9F3BD3-BCA4-4CF6-A769-B297BD5BE6DE}.Release|Any CPU.Build.0 = Release|Any CPU
		{8F1A8137-A92D-4EF5-89FF-FB3E72C5A3E1}.Debug|Any CPU.ActiveCfg = Debug|Any CPU
		{8F1A8137-A92D-4EF5-89FF-FB3E72C5A3E1}.Debug|Any CPU.Build.0 = Debug|Any CPU
		{8F1A8137-A92D-4EF5-89FF-FB3E72C5A3E1}.Release|Any CPU.ActiveCfg = Release|Any CPU
		{8F1A8137-A92D-4EF5-89FF-FB3E72C5A3E1}.Release|Any CPU.Build.0 = Release|Any CPU
		{3A345B94-E32D-4316-A6BC-FACE2E63118B}.Debug|Any CPU.ActiveCfg = Debug|Any CPU
		{3A345B94-E32D-4316-A6BC-FACE2E63118B}.Debug|Any CPU.Build.0 = Debug|Any CPU
		{3A345B94-E32D-4316-A6BC-FACE2E63118B}.Release|Any CPU.ActiveCfg = Release|Any CPU
		{3A345B94-E32D-4316-A6BC-FACE2E63118B}.Release|Any CPU.Build.0 = Release|Any CPU
		{FDAF9DA2-A721-4E74-B226-A50D768DAD83}.Debug|Any CPU.ActiveCfg = Debug|Any CPU
		{FDAF9DA2-A721-4E74-B226-A50D768DAD83}.Debug|Any CPU.Build.0 = Debug|Any CPU
		{FDAF9DA2-A721-4E74-B226-A50D768DAD83}.Release|Any CPU.ActiveCfg = Release|Any CPU
		{FDAF9DA2-A721-4E74-B226-A50D768DAD83}.Release|Any CPU.Build.0 = Release|Any CPU
	EndGlobalSection
	GlobalSection(SolutionProperties) = preSolution
		HideSolutionNode = FALSE
	EndGlobalSection
	GlobalSection(ExtensibilityGlobals) = postSolution
		SolutionGuid = {469F60D6-D966-4465-ABFE-F0131B9C1014}
	EndGlobalSection
EndGlobal
